schema: '2.0'
stages:
  data_ingestion:
    cmd: python src/cnnClassifier/pipelines/stage01_data_ingestion.py
    deps:
    - path: config/config.yaml
      hash: md5
      md5: c22c8b7dea405f146686243b22379d73
      size: 591
    - path: src/cnnClassifier/pipelines/stage01_data_ingestion.py
      hash: md5
      md5: a7f22bca1502ab650fe6e506052b9934
      size: 846
    outs:
    - path: artifacts/data_ingestion/Chest-CT-Scan-data
      hash: md5
      md5: 904fa45d934ce879b3b1933dca6cb2f1.dir
      size: 49247431
      nfiles: 343
  prepare_base_model:
    cmd: python src/cnnClassifier/pipelines/stage02_prepare_base_model.py
    deps:
    - path: config/config.yaml
      hash: md5
      md5: c22c8b7dea405f146686243b22379d73
      size: 591
    - path: src/cnnClassifier/pipelines/stage02_prepare_base_model.py
      hash: md5
      md5: 6aa3dd5469f5f20ca001ead098c4db99
      size: 896
    params:
      params.yaml:
        CLASSES: 2
        IMAGE_SIZE:
        - 224
        - 224
        - 3
        INCLUDE_TOP: false
        LEARNING_RATE: 0.01
        WEIGHTS: imagenet
    outs:
    - path: artifacts/prepare_base_model
      hash: md5
      md5: 1e92fbce255d587e63c2370069ab133c.dir
      size: 118054560
      nfiles: 2
  model_trainer:
    cmd: python src/cnnClassifier/pipelines/stage03_model_trainer.py
    deps:
    - path: artifacts/data_ingestion/Chest-CT-Scan-data
      hash: md5
      md5: 904fa45d934ce879b3b1933dca6cb2f1.dir
      size: 49247431
      nfiles: 343
    - path: artifacts/prepare_base_model
      hash: md5
      md5: 1e92fbce255d587e63c2370069ab133c.dir
      size: 118054560
      nfiles: 2
    - path: config/config.yaml
      hash: md5
      md5: c22c8b7dea405f146686243b22379d73
      size: 591
    - path: src/cnnClassifier/pipelines/stage03_model_trainer.py
      hash: md5
      md5: d728456cf3a9188bab09f2f5401b41d0
      size: 862
    params:
      params.yaml:
        AUGMENTATION: true
        BATCH_SIZE: 16
        EPOCHS: 1
        IMAGE_SIZE:
        - 224
        - 224
        - 3
    outs:
    - path: artifacts/training/model.h5
      hash: md5
      md5: 3d66792513175f045297a1a9c5c27dbd
      size: 59337520
  model_evaluation:
    cmd: python src/cnnClassifier/pipelines/stage04_model_evaluation_mlflow.py
    deps:
    - path: artifacts/data_ingestion/Chest-CT-Scan-data
      hash: md5
      md5: 904fa45d934ce879b3b1933dca6cb2f1.dir
      size: 49247431
      nfiles: 343
    - path: artifacts/training/model.h5
      hash: md5
      md5: 3d66792513175f045297a1a9c5c27dbd
      size: 59337520
    - path: config/config.yaml
      hash: md5
      md5: c22c8b7dea405f146686243b22379d73
      size: 591
    - path: src/cnnClassifier/pipelines/stage04_model_evaluation_mlflow.py
      hash: md5
      md5: 0357de60e27ebca81cf1b7de26433c58
      size: 859
    params:
      params.yaml:
        BATCH_SIZE: 16
        IMAGE_SIZE:
        - 224
        - 224
        - 3
    outs:
    - path: scores.json
      hash: md5
      md5: 132e1ed947f25a450e75738d41c828dd
      size: 73
